// !$*UTF8*$!
{
	archiveVersion = 1;
	classes = {
	};
	objectVersion = 46;
	objects = {

/* Begin PBXBuildFile section */
		2156AD6D1A98AA9C00CD942C /* AppDelegate.swift in Sources */ = {isa = PBXBuildFile; fileRef = 2156AD6C1A98AA9C00CD942C /* AppDelegate.swift */; };
		2156AD6F1A98AA9C00CD942C /* ViewController.swift in Sources */ = {isa = PBXBuildFile; fileRef = 2156AD6E1A98AA9C00CD942C /* ViewController.swift */; };
		2156AD721A98AA9C00CD942C /* Main.storyboard in Resources */ = {isa = PBXBuildFile; fileRef = 2156AD701A98AA9C00CD942C /* Main.storyboard */; };
		2156AD741A98AA9C00CD942C /* Images.xcassets in Resources */ = {isa = PBXBuildFile; fileRef = 2156AD731A98AA9C00CD942C /* Images.xcassets */; };
		2156AD771A98AA9C00CD942C /* LaunchScreen.xib in Resources */ = {isa = PBXBuildFile; fileRef = 2156AD751A98AA9C00CD942C /* LaunchScreen.xib */; };
		2156AD831A98AA9C00CD942C /* AnonymousSocialGoodTests.swift in Sources */ = {isa = PBXBuildFile; fileRef = 2156AD821A98AA9C00CD942C /* AnonymousSocialGoodTests.swift */; };
/* End PBXBuildFile section */

/* Begin PBXContainerItemProxy section */
		2156AD7D1A98AA9C00CD942C /* PBXContainerItemProxy */ = {
			isa = PBXContainerItemProxy;
			containerPortal = 2156AD5F1A98AA9C00CD942C /* Project object */;
			proxyType = 1;
			remoteGlobalIDString = 2156AD661A98AA9C00CD942C;
			remoteInfo = AnonymousSocialGood;
		};
/* End PBXContainerItemProxy section */

/* Begin PBXFileReference section */
		2156AD671A98AA9C00CD942C /* AnonymousSocialGood.app */ = {isa = PBXFileReference; explicitFileType = wrapper.application; includeInIndex = 0; path = AnonymousSocialGood.app; sourceTree = BUILT_PRODUCTS_DIR; };
		2156AD6B1A98AA9C00CD942C /* Info.plist */ = {isa = PBXFileReference; lastKnownFileType = text.plist.xml; path = Info.plist; sourceTree = "<group>"; };
		2156AD6C1A98AA9C00CD942C /* AppDelegate.swift */ = {isa = PBXFileReference; lastKnownFileType = sourcecode.swift; path = AppDelegate.swift; sourceTree = "<group>"; };
		2156AD6E1A98AA9C00CD942C /* ViewController.swift */ = {isa = PBXFileReference; lastKnownFileType = sourcecode.swift; path = ViewController.swift; sourceTree = "<group>"; };
		2156AD711A98AA9C00CD942C /* Base */ = {isa = PBXFileReference; lastKnownFileType = file.storyboard; name = Base; path = Base.lproj/Main.storyboard; sourceTree = "<group>"; };
		2156AD731A98AA9C00CD942C /* Images.xcassets */ = {isa = PBXFileReference; lastKnownFileType = folder.assetcatalog; path = Images.xcassets; sourceTree = "<group>"; };
		2156AD761A98AA9C00CD942C /* Base */ = {isa = PBXFileReference; lastKnownFileType = file.xib; name = Base; path = Base.lproj/LaunchScreen.xib; sourceTree = "<group>"; };
		2156AD7C1A98AA9C00CD942C /* AnonymousSocialGoodTests.xctest */ = {isa = PBXFileReference; explicitFileType = wrapper.cfbundle; includeInIndex = 0; path = AnonymousSocialGoodTests.xctest; sourceTree = BUILT_PRODUCTS_DIR; };
		2156AD811A98AA9C00CD942C /* Info.plist */ = {isa = PBXFileReference; lastKnownFileType = text.plist.xml; path = Info.plist; sourceTree = "<group>"; };
		2156AD821A98AA9C00CD942C /* AnonymousSocialGoodTests.swift */ = {isa = PBXFileReference; lastKnownFileType = sourcecode.swift; path = AnonymousSocialGoodTests.swift; sourceTree = "<group>"; };
/* End PBXFileReference section */

/* Begin PBXFrameworksBuildPhase section */
		2156AD641A98AA9C00CD942C /* Frameworks */ = {
			isa = PBXFrameworksBuildPhase;
			buildActionMask = 2147483647;
			files = (
			);
			runOnlyForDeploymentPostprocessing = 0;
		};
		2156AD791A98AA9C00CD942C /* Frameworks */ = {
			isa = PBXFrameworksBuildPhase;
			buildActionMask = 2147483647;
			files = (
			);
			runOnlyForDeploymentPostprocessing = 0;
		};
/* End PBXFrameworksBuildPhase section */

/* Begin PBXGroup section */
		2156AD5E1A98AA9C00CD942C = {
			isa = PBXGroup;
			children = (
				2156AD691A98AA9C00CD942C /* AnonymousSocialGood */,
				2156AD7F1A98AA9C00CD942C /* AnonymousSocialGoodTests */,
				2156AD681A98AA9C00CD942C /* Products */,
			);
			sourceTree = "<group>";
		};
		2156AD681A98AA9C00CD942C /* Products */ = {
			isa = PBXGroup;
			children = (
				2156AD671A98AA9C00CD942C /* AnonymousSocialGood.app */,
				2156AD7C1A98AA9C00CD942C /* AnonymousSocialGoodTests.xctest */,
			);
			name = Products;
			sourceTree = "<group>";
		};
		2156AD691A98AA9C00CD942C /* AnonymousSocialGood */ = {
			isa = PBXGroup;
			children = (
				2156AD6E1A98AA9C00CD942C /* ViewController.swift */,
				2156AD701A98AA9C00CD942C /* Main.storyboard */,
				2156AD6A1A98AA9C00CD942C /* Supporting Files */,
			);
			path = AnonymousSocialGood;
			sourceTree = "<group>";
		};
		2156AD6A1A98AA9C00CD942C /* Supporting Files */ = {
			isa = PBXGroup;
			children = (
				2156AD731A98AA9C00CD942C /* Images.xcassets */,
				2156AD6C1A98AA9C00CD942C /* AppDelegate.swift */,
				2156AD751A98AA9C00CD942C /* LaunchScreen.xib */,
				2156AD6B1A98AA9C00CD942C /* Info.plist */,
			);
			name = "Supporting Files";
			sourceTree = "<group>";
		};
		2156AD7F1A98AA9C00CD942C /* AnonymousSocialGoodTests */ = {
			isa = PBXGroup;
			children = (
				2156AD821A98AA9C00CD942C /* AnonymousSocialGoodTests.swift */,
				2156AD801A98AA9C00CD942C /* Supporting Files */,
			);
			path = AnonymousSocialGoodTests;
			sourceTree = "<group>";
		};
		2156AD801A98AA9C00CD942C /* Supporting Files */ = {
			isa = PBXGroup;
			children = (
				2156AD811A98AA9C00CD942C /* Info.plist */,
			);
			name = "Supporting Files";
			sourceTree = "<group>";
		};
/* End PBXGroup section */

/* Begin PBXNativeTarget section */
		2156AD661A98AA9C00CD942C /* AnonymousSocialGood */ = {
			isa = PBXNativeTarget;
			buildConfigurationList = 2156AD861A98AA9C00CD942C /* Build configuration list for PBXNativeTarget "AnonymousSocialGood" */;
			buildPhases = (
				2156AD631A98AA9C00CD942C /* Sources */,
				2156AD641A98AA9C00CD942C /* Frameworks */,
				2156AD651A98AA9C00CD942C /* Resources */,
			);
			buildRules = (
			);
			dependencies = (
			);
			name = AnonymousSocialGood;
			productName = AnonymousSocialGood;
			productReference = 2156AD671A98AA9C00CD942C /* AnonymousSocialGood.app */;
			productType = "com.apple.product-type.application";
		};
		2156AD7B1A98AA9C00CD942C /* AnonymousSocialGoodTests */ = {
			isa = PBXNativeTarget;
			buildConfigurationList = 2156AD891A98AA9C00CD942C /* Build configuration list for PBXNativeTarget "AnonymousSocialGoodTests" */;
			buildPhases = (
				2156AD781A98AA9C00CD942C /* Sources */,
				2156AD791A98AA9C00CD942C /* Frameworks */,
				2156AD7A1A98AA9C00CD942C /* Resources */,
			);
			buildRules = (
			);
			dependencies = (
				2156AD7E1A98AA9C00CD942C /* PBXTargetDependency */,
			);
			name = AnonymousSocialGoodTests;
			productName = AnonymousSocialGoodTests;
			productReference = 2156AD7C1A98AA9C00CD942C /* AnonymousSocialGoodTests.xctest */;
			productType = "com.apple.product-type.bundle.unit-test";
		};
/* End PBXNativeTarget section */

/* Begin PBXProject section */
		2156AD5F1A98AA9C00CD942C /* Project object */ = {
			isa = PBXProject;
			attributes = {
				LastUpgradeCheck = 0610;
				ORGANIZATIONNAME = "Lawrence Lin Murata";
				TargetAttributes = {
					2156AD661A98AA9C00CD942C = {
						CreatedOnToolsVersion = 6.1.1;
					};
					2156AD7B1A98AA9C00CD942C = {
						CreatedOnToolsVersion = 6.1.1;
						TestTargetID = 2156AD661A98AA9C00CD942C;
					};
				};
			};
			buildConfigurationList = 2156AD621A98AA9C00CD942C /* Build configuration list for PBXProject "AnonymousSocialGood" */;
			compatibilityVersion = "Xcode 3.2";
			developmentRegion = English;
			hasScannedForEncodings = 0;
			knownRegions = (
				en,
				Base,
			);
			mainGroup = 2156AD5E1A98AA9C00CD942C;
			productRefGroup = 2156AD681A98AA9C00CD942C /* Products */;
			projectDirPath = "";
			projectRoot = "";
			targets = (
				2156AD661A98AA9C00CD942C /* AnonymousSocialGood */,
				2156AD7B1A98AA9C00CD942C /* AnonymousSocialGoodTests */,
			);
		};
/* End PBXProject section */

/* Begin PBXResourcesBuildPhase section */
		2156AD651A98AA9C00CD942C /* Resources */ = {
			isa = PBXResourcesBuildPhase;
			buildActionMask = 2147483647;
			files = (
				2156AD721A98AA9C00CD942C /* Main.storyboard in Resources */,
				2156AD771A98AA9C00CD942C /* LaunchScreen.xib in Resources */,
				2156AD741A98AA9C00CD942C /* Images.xcassets in Resources */,
			);
			runOnlyForDeploymentPostprocessing = 0;
		};
		2156AD7A1A98AA9C00CD942C /* Resources */ = {
			isa = PBXResourcesBuildPhase;
			buildActionMask = 2147483647;
			files = (
			);
			runOnlyForDeploymentPostprocessing = 0;
		};
/* End PBXResourcesBuildPhase section */

/* Begin PBXSourcesBuildPhase section */
		2156AD631A98AA9C00CD942C /* Sources */ = {
			isa = PBXSourcesBuildPhase;
			buildActionMask = 2147483647;
			files = (
				2156AD6F1A98AA9C00CD942C /* ViewController.swift in Sources */,
				2156AD6D1A98AA9C00CD942C /* AppDelegate.swift in Sources */,
			);
			runOnlyForDeploymentPostprocessing = 0;
		};
		2156AD781A98AA9C00CD942C /* Sources */ = {
			isa = PBXSourcesBuildPhase;
			buildActionMask = 2147483647;
			files = (
				2156AD831A98AA9C00CD942C /* AnonymousSocialGoodTests.swift in Sources */,
			);
			runOnlyForDeploymentPostprocessing = 0;
		};
/* End PBXSourcesBuildPhase section */

/* Begin PBXTargetDependency section */
		2156AD7E1A98AA9C00CD942C /* PBXTargetDependency */ = {
			isa = PBXTargetDependency;
			target = 2156AD661A98AA9C00CD942C /* AnonymousSocialGood */;
			targetProxy = 2156AD7D1A98AA9C00CD942C /* PBXContainerItemProxy */;
		};
/* End PBXTargetDependency section */

/* Begin PBXVariantGroup section */
		2156AD701A98AA9C00CD942C /* Main.storyboard */ = {
			isa = PBXVariantGroup;
			children = (
				2156AD711A98AA9C00CD942C /* Base */,
			);
			name = Main.storyboard;
			sourceTree = "<group>";
		};
		2156AD751A98AA9C00CD942C /* LaunchScreen.xib */ = {
			isa = PBXVariantGroup;
			children = (
				2156AD761A98AA9C00CD942C /* Base */,
			);
			name = LaunchScreen.xib;
			sourceTree = "<group>";
		};
/* End PBXVariantGroup section */

/* Begin XCBuildConfiguration section */
		2156AD841A98AA9C00CD942C /* Debug */ = {
			isa = XCBuildConfiguration;
			buildSettings = {
				ALWAYS_SEARCH_USER_PATHS = NO;
				CLANG_CXX_LANGUAGE_STANDARD = "gnu++0x";
				CLANG_CXX_LIBRARY = "libc++";
				CLANG_ENABLE_MODULES = YES;
				CLANG_ENABLE_OBJC_ARC = YES;
				CLANG_WARN_BOOL_CONVERSION = YES;
				CLANG_WARN_CONSTANT_CONVERSION = YES;
				CLANG_WARN_DIRECT_OBJC_ISA_USAGE = YES_ERROR;
				CLANG_WARN_EMPTY_BODY = YES;
				CLANG_WARN_ENUM_CONVERSION = YES;
				CLANG_WARN_INT_CONVERSION = YES;
				CLANG_WARN_OBJC_ROOT_CLASS = YES_ERROR;
				CLANG_WARN_UNREACHABLE_CODE = YES;
				CLANG_WARN__DUPLICATE_METHOD_MATCH = YES;
				"CODE_SIGN_IDENTITY[sdk=iphoneos*]" = "iPhone Developer";
				COPY_PHASE_STRIP = NO;
				ENABLE_STRICT_OBJC_MSGSEND = YES;
				GCC_C_LANGUAGE_STANDARD = gnu99;
				GCC_DYNAMIC_NO_PIC = NO;
				GCC_OPTIMIZATION_LEVEL = 0;
				GCC_PREPROCESSOR_DEFINITIONS = (
					"DEBUG=1",
					"$(inherited)",
				);
				GCC_SYMBOLS_PRIVATE_EXTERN = NO;
				GCC_WARN_64_TO_32_BIT_CONVERSION = YES;
				GCC_WARN_ABOUT_RETURN_TYPE = YES_ERROR;
				GCC_WARN_UNDECLARED_SELECTOR = YES;
				GCC_WARN_UNINITIALIZED_AUTOS = YES_AGGRESSIVE;
				GCC_WARN_UNUSED_FUNCTION = YES;
				GCC_WARN_UNUSED_VARIABLE = YES;
				IPHONEOS_DEPLOYMENT_TARGET = 8.1;
				MTL_ENABLE_DEBUG_INFO = YES;
				ONLY_ACTIVE_ARCH = YES;
				SDKROOT = iphoneos;
				SWIFT_OPTIMIZATION_LEVEL = "-Onone";
				TARGETED_DEVICE_FAMILY = "1,2";
			};
			name = Debug;
		};
		2156AD851A98AA9C00CD942C /* Release */ = {
			isa = XCBuildConfiguration;
			buildSettings = {
				ALWAYS_SEARCH_USER_PATHS = NO;
				CLANG_CXX_LANGUAGE_STANDARD = "gnu++0x";
				CLANG_CXX_LIBRARY = "libc++";
				CLANG_ENABLE_MODULES = YES;
				CLANG_ENABLE_OBJC_ARC = YES;
				CLANG_WARN_BOOL_CONVERSION = YES;
				CLANG_WARN_CONSTANT_CONVERSION = YES;
				CLANG_WARN_DIRECT_OBJC_ISA_USAGE = YES_ERROR;
				CLANG_WARN_EMPTY_BODY = YES;
				CLANG_WARN_ENUM_CONVERSION = YES;
				CLANG_WARN_INT_CONVERSION = YES;
				CLANG_WARN_OBJC_ROOT_CLASS = YES_ERROR;
				CLANG_WARN_UNREACHABLE_CODE = YES;
				CLANG_WARN__DUPLICATE_METHOD_MATCH = YES;
				"CODE_SIGN_IDENTITY[sdk=iphoneos*]" = "iPhone Developer";
				COPY_PHASE_STRIP = YES;
				ENABLE_NS_ASSERTIONS = NO;
				ENABLE_STRICT_OBJC_MSGSEND = YES;
				GCC_C_LANGUAGE_STANDARD = gnu99;
				GCC_WARN_64_TO_32_BIT_CONVERSION = YES;
				GCC_WARN_ABOUT_RETURN_TYPE = YES_ERROR;
				GCC_WARN_UNDECLARED_SELECTOR = YES;
				GCC_WARN_UNINITIALIZED_AUTOS = YES_AGGRESSIVE;
				GCC_WARN_UNUSED_FUNCTION = YES;
				GCC_WARN_UNUSED_VARIABLE = YES;
				IPHONEOS_DEPLOYMENT_TARGET = 8.1;
				MTL_ENABLE_DEBUG_INFO = NO;
				SDKROOT = iphoneos;
				TARGETED_DEVICE_FAMILY = "1,2";
				VALIDATE_PRODUCT = YES;
			};
			name = Release;
		};
		2156AD871A98AA9C00CD942C /* Debug */ = {
			isa = XCBuildConfiguration;
			buildSettings = {
				ASSETCATALOG_COMPILER_APPICON_NAME = AppIcon;
				INFOPLIST_FILE = AnonymousSocialGood/Info.plist;
				LD_RUNPATH_SEARCH_PATHS = "$(inherited) @executable_path/Frameworks";
				PRODUCT_NAME = "$(TARGET_NAME)";
			};
			name = Debug;
		};
		2156AD881A98AA9C00CD942C /* Release */ = {
			isa = XCBuildConfiguration;
			buildSettings = {
				ASSETCATALOG_COMPILER_APPICON_NAME = AppIcon;
				INFOPLIST_FILE = AnonymousSocialGood/Info.plist;
				LD_RUNPATH_SEARCH_PATHS = "$(inherited) @executable_path/Frameworks";
				PRODUCT_NAME = "$(TARGET_NAME)";
			};
			name = Release;
		};
		2156AD8A1A98AA9C00CD942C /* Debug */ = {
			isa = XCBuildConfiguration;
			buildSettings = {
				BUNDLE_LOADER = "$(TEST_HOST)";
				FRAMEWORK_SEARCH_PATHS = (
					"$(SDKROOT)/Developer/Library/Frameworks",
					"$(inherited)",
				);
				GCC_PREPROCESSOR_DEFINITIONS = (
					"DEBUG=1",
					"$(inherited)",
				);
				INFOPLIST_FILE = AnonymousSocialGoodTests/Info.plist;
				LD_RUNPATH_SEARCH_PATHS = "$(inherited) @executable_path/Frameworks @loader_path/Frameworks";
				PRODUCT_NAME = "$(TARGET_NAME)";
				TEST_HOST = "$(BUILT_PRODUCTS_DIR)/AnonymousSocialGood.app/AnonymousSocialGood";
			};
			name = Debug;
		};
		2156AD8B1A98AA9C00CD942C /* Release */ = {
			isa = XCBuildConfiguration;
			buildSettings = {
				BUNDLE_LOADER = "$(TEST_HOST)";
				FRAMEWORK_SEARCH_PATHS = (
					"$(SDKROOT)/Developer/Library/Frameworks",
					"$(inherited)",
				);
				INFOPLIST_FILE = AnonymousSocialGoodTests/Info.plist;
				LD_RUNPATH_SEARCH_PATHS = "$(inherited) @executable_path/Frameworks @loader_path/Frameworks";
				PRODUCT_NAME = "$(TARGET_NAME)";
				TEST_HOST = "$(BUILT_PRODUCTS_DIR)/AnonymousSocialGood.app/AnonymousSocialGood";
			};
			name = Release;
		};
/* End XCBuildConfiguration section */

/* Begin XCConfigurationList section */
		2156AD621A98AA9C00CD942C /* Build configuration list for PBXProject "AnonymousSocialGood" */ = {
			isa = XCConfigurationList;
			buildConfigurations = (
				2156AD841A98AA9C00CD942C /* Debug */,
				2156AD851A98AA9C00CD942C /* Release */,
			);
			defaultConfigurationIsVisible = 0;
			defaultConfigurationName = Release;
		};
		2156AD861A98AA9C00CD942C /* Build configuration list for PBXNativeTarget "AnonymousSocialGood" */ = {
			isa = XCConfigurationList;
			buildConfigurations = (
				2156AD871A98AA9C00CD942C /* Debug */,
				2156AD881A98AA9C00CD942C /* Release */,
			);
			defaultConfigurationIsVisible = 0;
		};
		2156AD891A98AA9C00CD942C /* Build configuration list for PBXNativeTarget "AnonymousSocialGoodTests" */ = {
			isa = XCConfigurationList;
			buildConfigurations = (
				2156AD8A1A98AA9C00CD942C /* Debug */,
				2156AD8B1A98AA9C00CD942C /* Release */,
			);
			defaultConfigurationIsVisible = 0;
		};
/* End XCConfigurationList section */
	};
	rootObject = 2156AD5F1A98AA9C00CD942C /* Project object */;
}
